{
  "nodes": {
    "rctl": {
      "inputs": {
        "nixpkgs": [
          "nixpkgs"
        ]
      },
      "locked": {
        "lastModified": 1775093664,
        "narHash": "sha256-V+G+xjZndXWACpN3YLkH1T8XePmGXJby4VpIwePKXsY=",
        "owner": "Axenide",
        "repo": "rctl",
        "rev": "bb47ec7e39ee81f64daa45de2eb99d9a726e49a8",
        "type": "github"
      },
      "original": {
        "owner": "Axenide",
        "repo": "rctl",
        "type": "github"
      }
    },
    "nixpkgs": {
      "locked": {
        "lastModified": 1775036866,
        "narHash": "sha256-ZojAnPuCdy657PbTq5V0Y+AHKhZAIwSIT2cb8UgAz/U=",
        "owner": "NixOS",
        "repo": "nixpkgs",
        "rev": "6201e203d09599479a3b3450ed24fa81537ebc4e",
        "type": "github"
      },
      "original": {
        "owner": "NixOS",
        "ref": "nixos-unstable",
        "repo": "nixpkgs",
        "type": "github"
      }
    },
    "root": {
      "inputs": {
        "rctl": "rctl",
        "nixpkgs": "nixpkgs"
      }
    }
  },
  "root": "root",
  "version": 7
}
